// !$*UTF8*$!
{
	archiveVersion = 1;
	classes = {
	};
	objectVersion = 50;
	objects = {

/* Begin PBXBuildFile section */
		212EBCCB25B999EF00F78070 /* GoogleService-Info.plist in Resources */ = {isa = PBXBuildFile; fileRef = 212EBCCA25B999EF00F78070 /* GoogleService-Info.plist */; };
		2141A94625B80744008F5DD9 /* AppDelegate.swift in Sources */ = {isa = PBXBuildFile; fileRef = 2141A94525B80744008F5DD9 /* AppDelegate.swift */; };
		2141A94825B80744008F5DD9 /* SceneDelegate.swift in Sources */ = {isa = PBXBuildFile; fileRef = 2141A94725B80744008F5DD9 /* SceneDelegate.swift */; };
		2141A94A25B80744008F5DD9 /* ContentView.swift in Sources */ = {isa = PBXBuildFile; fileRef = 2141A94925B80744008F5DD9 /* ContentView.swift */; };
		2141A94C25B80747008F5DD9 /* Assets.xcassets in Resources */ = {isa = PBXBuildFile; fileRef = 2141A94B25B80747008F5DD9 /* Assets.xcassets */; };
		2141A94F25B80747008F5DD9 /* Preview Assets.xcassets in Resources */ = {isa = PBXBuildFile; fileRef = 2141A94E25B80747008F5DD9 /* Preview Assets.xcassets */; };
		2141A95225B80747008F5DD9 /* LaunchScreen.storyboard in Resources */ = {isa = PBXBuildFile; fileRef = 2141A95025B80747008F5DD9 /* LaunchScreen.storyboard */; };
		2141A95D25B80748008F5DD9 /* BasicSwiftUITests.swift in Sources */ = {isa = PBXBuildFile; fileRef = 2141A95C25B80748008F5DD9 /* BasicSwiftUITests.swift */; };
		2141A96825B80748008F5DD9 /* BasicSwiftUIUITests.swift in Sources */ = {isa = PBXBuildFile; fileRef = 2141A96725B80748008F5DD9 /* BasicSwiftUIUITests.swift */; };
		2141A97925B84945008F5DD9 /* Data.swift in Sources */ = {isa = PBXBuildFile; fileRef = 2141A97825B84945008F5DD9 /* Data.swift */; };
		25DB92EB6868C0A5D8634D04 /* Pods_BasicSwiftUI.framework in Frameworks */ = {isa = PBXBuildFile; fileRef = 4214D2EE00B348D54E2C8F63 /* Pods_BasicSwiftUI.framework */; };
		79F1BE396AD38B38090BD283 /* Pods_BasicSwiftUI_BasicSwiftUIUITests.framework in Frameworks */ = {isa = PBXBuildFile; fileRef = 1669548127087EAD8E573A48 /* Pods_BasicSwiftUI_BasicSwiftUIUITests.framework */; };
		E73B9DB6538BD5974E65FB91 /* Pods_BasicSwiftUITests.framework in Frameworks */ = {isa = PBXBuildFile; fileRef = B0D57F1E11CE49D780867055 /* Pods_BasicSwiftUITests.framework */; };
/* End PBXBuildFile section */

/* Begin PBXContainerItemProxy section */
		2141A95925B80748008F5DD9 /* PBXContainerItemProxy */ = {
			isa = PBXContainerItemProxy;
			containerPortal = 2141A93A25B80744008F5DD9 /* Project object */;
			proxyType = 1;
			remoteGlobalIDString = 2141A94125B80744008F5DD9;
			remoteInfo = BasicSwiftUI;
		};
		2141A96425B80748008F5DD9 /* PBXContainerItemProxy */ = {
			isa = PBXContainerItemProxy;
			containerPortal = 2141A93A25B80744008F5DD9 /* Project object */;
			proxyType = 1;
			remoteGlobalIDString = 2141A94125B80744008F5DD9;
			remoteInfo = BasicSwiftUI;
		};
/* End PBXContainerItemProxy section */

/* Begin PBXFileReference section */
		1669548127087EAD8E573A48 /* Pods_BasicSwiftUI_BasicSwiftUIUITests.framework */ = {isa = PBXFileReference; explicitFileType = wrapper.framework; includeInIndex = 0; path = Pods_BasicSwiftUI_BasicSwiftUIUITests.framework; sourceTree = BUILT_PRODUCTS_DIR; };
		212EBCCA25B999EF00F78070 /* GoogleService-Info.plist */ = {isa = PBXFileReference; fileEncoding = 4; lastKnownFileType = text.plist.xml; path = "GoogleService-Info.plist"; sourceTree = "<group>"; };
		2141A94225B80744008F5DD9 /* BasicSwiftUI.app */ = {isa = PBXFileReference; explicitFileType = wrapper.application; includeInIndex = 0; path = BasicSwiftUI.app; sourceTree = BUILT_PRODUCTS_DIR; };
		2141A94525B80744008F5DD9 /* AppDelegate.swift */ = {isa = PBXFileReference; lastKnownFileType = sourcecode.swift; path = AppDelegate.swift; sourceTree = "<group>"; };
		2141A94725B80744008F5DD9 /* SceneDelegate.swift */ = {isa = PBXFileReference; lastKnownFileType = sourcecode.swift; path = SceneDelegate.swift; sourceTree = "<group>"; };
		2141A94925B80744008F5DD9 /* ContentView.swift */ = {isa = PBXFileReference; lastKnownFileType = sourcecode.swift; path = ContentView.swift; sourceTree = "<group>"; };
		2141A94B25B80747008F5DD9 /* Assets.xcassets */ = {isa = PBXFileReference; lastKnownFileType = folder.assetcatalog; path = Assets.xcassets; sourceTree = "<group>"; };
		2141A94E25B80747008F5DD9 /* Preview Assets.xcassets */ = {isa = PBXFileReference; lastKnownFileType = folder.assetcatalog; path = "Preview Assets.xcassets"; sourceTree = "<group>"; };
		2141A95125B80747008F5DD9 /* Base */ = {isa = PBXFileReference; lastKnownFileType = file.storyboard; name = Base; path = Base.lproj/LaunchScreen.storyboard; sourceTree = "<group>"; };
		2141A95325B80747008F5DD9 /* Info.plist */ = {isa = PBXFileReference; lastKnownFileType = text.plist.xml; path = Info.plist; sourceTree = "<group>"; };
		2141A95825B80748008F5DD9 /* BasicSwiftUITests.xctest */ = {isa = PBXFileReference; explicitFileType = wrapper.cfbundle; includeInIndex = 0; path = BasicSwiftUITests.xctest; sourceTree = BUILT_PRODUCTS_DIR; };
		2141A95C25B80748008F5DD9 /* BasicSwiftUITests.swift */ = {isa = PBXFileReference; lastKnownFileType = sourcecode.swift; path = BasicSwiftUITests.swift; sourceTree = "<group>"; };
		2141A95E25B80748008F5DD9 /* Info.plist */ = {isa = PBXFileReference; lastKnownFileType = text.plist.xml; path = Info.plist; sourceTree = "<group>"; };
		2141A96325B80748008F5DD9 /* BasicSwiftUIUITests.xctest */ = {isa = PBXFileReference; explicitFileType = wrapper.cfbundle; includeInIndex = 0; path = BasicSwiftUIUITests.xctest; sourceTree = BUILT_PRODUCTS_DIR; };
		2141A96725B80748008F5DD9 /* BasicSwiftUIUITests.swift */ = {isa = PBXFileReference; lastKnownFileType = sourcecode.swift; path = BasicSwiftUIUITests.swift; sourceTree = "<group>"; };
		2141A96925B80748008F5DD9 /* Info.plist */ = {isa = PBXFileReference; lastKnownFileType = text.plist.xml; path = Info.plist; sourceTree = "<group>"; };
		2141A97825B84945008F5DD9 /* Data.swift */ = {isa = PBXFileReference; lastKnownFileType = sourcecode.swift; path = Data.swift; sourceTree = "<group>"; };
		4214D2EE00B348D54E2C8F63 /* Pods_BasicSwiftUI.framework */ = {isa = PBXFileReference; explicitFileType = wrapper.framework; includeInIndex = 0; path = Pods_BasicSwiftUI.framework; sourceTree = BUILT_PRODUCTS_DIR; };
		4C18FC5D518CEC928925DC0B /* Pods-BasicSwiftUI.debug.xcconfig */ = {isa = PBXFileReference; includeInIndex = 1; lastKnownFileType = text.xcconfig; name = "Pods-BasicSwiftUI.debug.xcconfig"; path = "Target Support Files/Pods-BasicSwiftUI/Pods-BasicSwiftUI.debug.xcconfig"; sourceTree = "<group>"; };
		B0D57F1E11CE49D780867055 /* Pods_BasicSwiftUITests.framework */ = {isa = PBXFileReference; explicitFileType = wrapper.framework; includeInIndex = 0; path = Pods_BasicSwiftUITests.framework; sourceTree = BUILT_PRODUCTS_DIR; };
		C0FCCB2FFA3CA0322D724DF2 /* Pods-BasicSwiftUI-BasicSwiftUIUITests.release.xcconfig */ = {isa = PBXFileReference; includeInIndex = 1; lastKnownFileType = text.xcconfig; name = "Pods-BasicSwiftUI-BasicSwiftUIUITests.release.xcconfig"; path = "Target Support Files/Pods-BasicSwiftUI-BasicSwiftUIUITests/Pods-BasicSwiftUI-BasicSwiftUIUITests.release.xcconfig"; sourceTree = "<group>"; };
		C44C189ADAE489F0152F76B5 /* Pods-BasicSwiftUITests.debug.xcconfig */ = {isa = PBXFileReference; includeInIndex = 1; lastKnownFileType = text.xcconfig; name = "Pods-BasicSwiftUITests.debug.xcconfig"; path = "Target Support Files/Pods-BasicSwiftUITests/Pods-BasicSwiftUITests.debug.xcconfig"; sourceTree = "<group>"; };
		D1A16EE9AB0EDE8992BB9BEB /* Pods-BasicSwiftUI.release.xcconfig */ = {isa = PBXFileReference; includeInIndex = 1; lastKnownFileType = text.xcconfig; name = "Pods-BasicSwiftUI.release.xcconfig"; path = "Target Support Files/Pods-BasicSwiftUI/Pods-BasicSwiftUI.release.xcconfig"; sourceTree = "<group>"; };
		E7BCD6E2381C8ADCFD8993EA /* Pods-BasicSwiftUI-BasicSwiftUIUITests.debug.xcconfig */ = {isa = PBXFileReference; includeInIndex = 1; lastKnownFileType = text.xcconfig; name = "Pods-BasicSwiftUI-BasicSwiftUIUITests.debug.xcconfig"; path = "Target Support Files/Pods-BasicSwiftUI-BasicSwiftUIUITests/Pods-BasicSwiftUI-BasicSwiftUIUITests.debug.xcconfig"; sourceTree = "<group>"; };
		FBDCE158FB3F2569E8AE4A84 /* Pods-BasicSwiftUITests.release.xcconfig */ = {isa = PBXFileReference; includeInIndex = 1; lastKnownFileType = text.xcconfig; name = "Pods-BasicSwiftUITests.release.xcconfig"; path = "Target Support Files/Pods-BasicSwiftUITests/Pods-BasicSwiftUITests.release.xcconfig"; sourceTree = "<group>"; };
/* End PBXFileReference section */

/* Begin PBXFrameworksBuildPhase section */
		2141A93F25B80744008F5DD9 /* Frameworks */ = {
			isa = PBXFrameworksBuildPhase;
			buildActionMask = 2147483647;
			files = (
				25DB92EB6868C0A5D8634D04 /* Pods_BasicSwiftUI.framework in Frameworks */,
			);
			runOnlyForDeploymentPostprocessing = 0;
		};
		2141A95525B80748008F5DD9 /* Frameworks */ = {
			isa = PBXFrameworksBuildPhase;
			buildActionMask = 2147483647;
			files = (
				E73B9DB6538BD5974E65FB91 /* Pods_BasicSwiftUITests.framework in Frameworks */,
			);
			runOnlyForDeploymentPostprocessing = 0;
		};
		2141A96025B80748008F5DD9 /* Frameworks */ = {
			isa = PBXFrameworksBuildPhase;
			buildActionMask = 2147483647;
			files = (
				79F1BE396AD38B38090BD283 /* Pods_BasicSwiftUI_BasicSwiftUIUITests.framework in Frameworks */,
			);
			runOnlyForDeploymentPostprocessing = 0;
		};
/* End PBXFrameworksBuildPhase section */

/* Begin PBXGroup section */
		163AE0E9036FEA7C2C6A1840 /* Frameworks */ = {
			isa = PBXGroup;
			children = (
				4214D2EE00B348D54E2C8F63 /* Pods_BasicSwiftUI.framework */,
				1669548127087EAD8E573A48 /* Pods_BasicSwiftUI_BasicSwiftUIUITests.framework */,
				B0D57F1E11CE49D780867055 /* Pods_BasicSwiftUITests.framework */,
			);
			name = Frameworks;
			sourceTree = "<group>";
		};
		2141A93925B80744008F5DD9 = {
			isa = PBXGroup;
			children = (
				2141A94425B80744008F5DD9 /* BasicSwiftUI */,
				2141A95B25B80748008F5DD9 /* BasicSwiftUITests */,
				2141A96625B80748008F5DD9 /* BasicSwiftUIUITests */,
				2141A94325B80744008F5DD9 /* Products */,
				598A2E5D92D138EFD47D0EBC /* Pods */,
				163AE0E9036FEA7C2C6A1840 /* Frameworks */,
			);
			sourceTree = "<group>";
		};
		2141A94325B80744008F5DD9 /* Products */ = {
			isa = PBXGroup;
			children = (
				2141A94225B80744008F5DD9 /* BasicSwiftUI.app */,
				2141A95825B80748008F5DD9 /* BasicSwiftUITests.xctest */,
				2141A96325B80748008F5DD9 /* BasicSwiftUIUITests.xctest */,
			);
			name = Products;
			sourceTree = "<group>";
		};
		2141A94425B80744008F5DD9 /* BasicSwiftUI */ = {
			isa = PBXGroup;
			children = (
				2141A94525B80744008F5DD9 /* AppDelegate.swift */,
				2141A94725B80744008F5DD9 /* SceneDelegate.swift */,
				2141A94925B80744008F5DD9 /* ContentView.swift */,
				2141A94B25B80747008F5DD9 /* Assets.xcassets */,
				2141A95025B80747008F5DD9 /* LaunchScreen.storyboard */,
				212EBCCA25B999EF00F78070 /* GoogleService-Info.plist */,
				2141A95325B80747008F5DD9 /* Info.plist */,
				2141A94D25B80747008F5DD9 /* Preview Content */,
				2141A97825B84945008F5DD9 /* Data.swift */,
			);
			path = BasicSwiftUI;
			sourceTree = "<group>";
		};
		2141A94D25B80747008F5DD9 /* Preview Content */ = {
			isa = PBXGroup;
			children = (
				2141A94E25B80747008F5DD9 /* Preview Assets.xcassets */,
			);
			path = "Preview Content";
			sourceTree = "<group>";
		};
		2141A95B25B80748008F5DD9 /* BasicSwiftUITests */ = {
			isa = PBXGroup;
			children = (
				2141A95C25B80748008F5DD9 /* BasicSwiftUITests.swift */,
				2141A95E25B80748008F5DD9 /* Info.plist */,
			);
			path = BasicSwiftUITests;
			sourceTree = "<group>";
		};
		2141A96625B80748008F5DD9 /* BasicSwiftUIUITests */ = {
			isa = PBXGroup;
			children = (
				2141A96725B80748008F5DD9 /* BasicSwiftUIUITests.swift */,
				2141A96925B80748008F5DD9 /* Info.plist */,
			);
			path = BasicSwiftUIUITests;
			sourceTree = "<group>";
		};
		598A2E5D92D138EFD47D0EBC /* Pods */ = {
			isa = PBXGroup;
			children = (
				4C18FC5D518CEC928925DC0B /* Pods-BasicSwiftUI.debug.xcconfig */,
				D1A16EE9AB0EDE8992BB9BEB /* Pods-BasicSwiftUI.release.xcconfig */,
				E7BCD6E2381C8ADCFD8993EA /* Pods-BasicSwiftUI-BasicSwiftUIUITests.debug.xcconfig */,
				C0FCCB2FFA3CA0322D724DF2 /* Pods-BasicSwiftUI-BasicSwiftUIUITests.release.xcconfig */,
				C44C189ADAE489F0152F76B5 /* Pods-BasicSwiftUITests.debug.xcconfig */,
				FBDCE158FB3F2569E8AE4A84 /* Pods-BasicSwiftUITests.release.xcconfig */,
			);
			name = Pods;
			path = Pods;
			sourceTree = "<group>";
		};
/* End PBXGroup section */

/* Begin PBXNativeTarget section */
		2141A94125B80744008F5DD9 /* BasicSwiftUI */ = {
			isa = PBXNativeTarget;
			buildConfigurationList = 2141A96C25B80748008F5DD9 /* Build configuration list for PBXNativeTarget "BasicSwiftUI" */;
			buildPhases = (
				5A8800A1F438298C74FF22B5 /* [CP] Check Pods Manifest.lock */,
				2141A93E25B80744008F5DD9 /* Sources */,
				2141A93F25B80744008F5DD9 /* Frameworks */,
				2141A94025B80744008F5DD9 /* Resources */,
				80545506EE5279AA74B306B6 /* [CP] Embed Pods Frameworks */,
			);
			buildRules = (
			);
			dependencies = (
			);
			name = BasicSwiftUI;
			productName = BasicSwiftUI;
			productReference = 2141A94225B80744008F5DD9 /* BasicSwiftUI.app */;
			productType = "com.apple.product-type.application";
		};
		2141A95725B80748008F5DD9 /* BasicSwiftUITests */ = {
			isa = PBXNativeTarget;
			buildConfigurationList = 2141A96F25B80748008F5DD9 /* Build configuration list for PBXNativeTarget "BasicSwiftUITests" */;
			buildPhases = (
				27684F07BC838928C5C41576 /* [CP] Check Pods Manifest.lock */,
				2141A95425B80748008F5DD9 /* Sources */,
				2141A95525B80748008F5DD9 /* Frameworks */,
				2141A95625B80748008F5DD9 /* Resources */,
			);
			buildRules = (
			);
			dependencies = (
				2141A95A25B80748008F5DD9 /* PBXTargetDependency */,
			);
			name = BasicSwiftUITests;
			productName = BasicSwiftUITests;
			productReference = 2141A95825B80748008F5DD9 /* BasicSwiftUITests.xctest */;
			productType = "com.apple.product-type.bundle.unit-test";
		};
		2141A96225B80748008F5DD9 /* BasicSwiftUIUITests */ = {
			isa = PBXNativeTarget;
			buildConfigurationList = 2141A97225B80748008F5DD9 /* Build configuration list for PBXNativeTarget "BasicSwiftUIUITests" */;
			buildPhases = (
				669C203DFE7FFEB2BEB832D9 /* [CP] Check Pods Manifest.lock */,
				2141A95F25B80748008F5DD9 /* Sources */,
				2141A96025B80748008F5DD9 /* Frameworks */,
				2141A96125B80748008F5DD9 /* Resources */,
				1612860BAEDB1311EF48C4DC /* [CP] Embed Pods Frameworks */,
			);
			buildRules = (
			);
			dependencies = (
				2141A96525B80748008F5DD9 /* PBXTargetDependency */,
			);
			name = BasicSwiftUIUITests;
			productName = BasicSwiftUIUITests;
			productReference = 2141A96325B80748008F5DD9 /* BasicSwiftUIUITests.xctest */;
			productType = "com.apple.product-type.bundle.ui-testing";
		};
/* End PBXNativeTarget section */

/* Begin PBXProject section */
		2141A93A25B80744008F5DD9 /* Project object */ = {
			isa = PBXProject;
			attributes = {
				LastSwiftUpdateCheck = 1230;
				LastUpgradeCheck = 1230;
				TargetAttributes = {
					2141A94125B80744008F5DD9 = {
						CreatedOnToolsVersion = 12.3;
					};
					2141A95725B80748008F5DD9 = {
						CreatedOnToolsVersion = 12.3;
						TestTargetID = 2141A94125B80744008F5DD9;
					};
					2141A96225B80748008F5DD9 = {
						CreatedOnToolsVersion = 12.3;
						TestTargetID = 2141A94125B80744008F5DD9;
					};
				};
			};
			buildConfigurationList = 2141A93D25B80744008F5DD9 /* Build configuration list for PBXProject "BasicSwiftUI" */;
			compatibilityVersion = "Xcode 9.3";
			developmentRegion = en;
			hasScannedForEncodings = 0;
			knownRegions = (
				en,
				Base,
			);
			mainGroup = 2141A93925B80744008F5DD9;
			productRefGroup = 2141A94325B80744008F5DD9 /* Products */;
			projectDirPath = "";
			projectRoot = "";
			targets = (
				2141A94125B80744008F5DD9 /* BasicSwiftUI */,
				2141A95725B80748008F5DD9 /* BasicSwiftUITests */,
				2141A96225B80748008F5DD9 /* BasicSwiftUIUITests */,
			);
		};
/* End PBXProject section */

/* Begin PBXResourcesBuildPhase section */
		2141A94025B80744008F5DD9 /* Resources */ = {
			isa = PBXResourcesBuildPhase;
			buildActionMask = 2147483647;
			files = (
				2141A95225B80747008F5DD9 /* LaunchScreen.storyboard in Resources */,
				212EBCCB25B999EF00F78070 /* GoogleService-Info.plist in Resources */,
				2141A94F25B80747008F5DD9 /* Preview Assets.xcassets in Resources */,
				2141A94C25B80747008F5DD9 /* Assets.xcassets in Resources */,
			);
			runOnlyForDeploymentPostprocessing = 0;
		};
		2141A95625B80748008F5DD9 /* Resources */ = {
			isa = PBXResourcesBuildPhase;
			buildActionMask = 2147483647;
			files = (
			);
			runOnlyForDeploymentPostprocessing = 0;
		};
		2141A96125B80748008F5DD9 /* Resources */ = {
			isa = PBXResourcesBuildPhase;
			buildActionMask = 2147483647;
			files = (
			);
			runOnlyForDeploymentPostprocessing = 0;
		};
/* End PBXResourcesBuildPhase section */

/* Begin PBXShellScriptBuildPhase section */
		1612860BAEDB1311EF48C4DC /* [CP] Embed Pods Frameworks */ = {
			isa = PBXShellScriptBuildPhase;
			buildActionMask = 2147483647;
			files = (
			);
			inputFileListPaths = (
				"${PODS_ROOT}/Target Support Files/Pods-BasicSwiftUI-BasicSwiftUIUITests/Pods-BasicSwiftUI-BasicSwiftUIUITests-frameworks-${CONFIGURATION}-input-files.xcfilelist",
			);
			name = "[CP] Embed Pods Frameworks";
			outputFileListPaths = (
				"${PODS_ROOT}/Target Support Files/Pods-BasicSwiftUI-BasicSwiftUIUITests/Pods-BasicSwiftUI-BasicSwiftUIUITests-frameworks-${CONFIGURATION}-output-files.xcfilelist",
			);
			runOnlyForDeploymentPostprocessing = 0;
			shellPath = /bin/sh;
			shellScript = "\"${PODS_ROOT}/Target Support Files/Pods-BasicSwiftUI-BasicSwiftUIUITests/Pods-BasicSwiftUI-BasicSwiftUIUITests-frameworks.sh\"\n";
			showEnvVarsInLog = 0;
		};
		27684F07BC838928C5C41576 /* [CP] Check Pods Manifest.lock */ = {
			isa = PBXShellScriptBuildPhase;
			buildActionMask = 2147483647;
			files = (
			);
			inputFileListPaths = (
			);
			inputPaths = (
				"${PODS_PODFILE_DIR_PATH}/Podfile.lock",
				"${PODS_ROOT}/Manifest.lock",
			);
			name = "[CP] Check Pods Manifest.lock";
			outputFileListPaths = (
			);
			outputPaths = (
				"$(DERIVED_FILE_DIR)/Pods-BasicSwiftUITests-checkManifestLockResult.txt",
			);
			runOnlyForDeploymentPostprocessing = 0;
			shellPath = /bin/sh;
			shellScript = "diff \"${PODS_PODFILE_DIR_PATH}/Podfile.lock\" \"${PODS_ROOT}/Manifest.lock\" > /dev/null\nif [ $? != 0 ] ; then\n    # print error to STDERR\n    echo \"error: The sandbox is not in sync with the Podfile.lock. Run 'pod install' or update your CocoaPods installation.\" >&2\n    exit 1\nfi\n# This output is used by Xcode 'outputs' to avoid re-running this script phase.\necho \"SUCCESS\" > \"${SCRIPT_OUTPUT_FILE_0}\"\n";
			showEnvVarsInLog = 0;
		};
		5A8800A1F438298C74FF22B5 /* [CP] Check Pods Manifest.lock */ = {
			isa = PBXShellScriptBuildPhase;
			buildActionMask = 2147483647;
			files = (
			);
			inputFileListPaths = (
			);
			inputPaths = (
				"${PODS_PODFILE_DIR_PATH}/Podfile.lock",
				"${PODS_ROOT}/Manifest.lock",
			);
			name = "[CP] Check Pods Manifest.lock";
			outputFileListPaths = (
			);
			outputPaths = (
				"$(DERIVED_FILE_DIR)/Pods-BasicSwiftUI-checkManifestLockResult.txt",
			);
			runOnlyForDeploymentPostprocessing = 0;
			shellPath = /bin/sh;
			shellScript = "diff \"${PODS_PODFILE_DIR_PATH}/Podfile.lock\" \"${PODS_ROOT}/Manifest.lock\" > /dev/null\nif [ $? != 0 ] ; then\n    # print error to STDERR\n    echo \"error: The sandbox is not in sync with the Podfile.lock. Run 'pod install' or update your CocoaPods installation.\" >&2\n    exit 1\nfi\n# This output is used by Xcode 'outputs' to avoid re-running this script phase.\necho \"SUCCESS\" > \"${SCRIPT_OUTPUT_FILE_0}\"\n";
			showEnvVarsInLog = 0;
		};
		669C203DFE7FFEB2BEB832D9 /* [CP] Check Pods Manifest.lock */ = {
			isa = PBXShellScriptBuildPhase;
			buildActionMask = 2147483647;
			files = (
			);
			inputFileListPaths = (
			);
			inputPaths = (
				"${PODS_PODFILE_DIR_PATH}/Podfile.lock",
				"${PODS_ROOT}/Manifest.lock",
			);
			name = "[CP] Check Pods Manifest.lock";
			outputFileListPaths = (
			);
			outputPaths = (
				"$(DERIVED_FILE_DIR)/Pods-BasicSwiftUI-BasicSwiftUIUITests-checkManifestLockResult.txt",
			);
			runOnlyForDeploymentPostprocessing = 0;
			shellPath = /bin/sh;
			shellScript = "diff \"${PODS_PODFILE_DIR_PATH}/Podfile.lock\" \"${PODS_ROOT}/Manifest.lock\" > /dev/null\nif [ $? != 0 ] ; then\n    # print error to STDERR\n    echo \"error: The sandbox is not in sync with the Podfile.lock. Run 'pod install' or update your CocoaPods installation.\" >&2\n    exit 1\nfi\n# This output is used by Xcode 'outputs' to avoid re-running this script phase.\necho \"SUCCESS\" > \"${SCRIPT_OUTPUT_FILE_0}\"\n";
			showEnvVarsInLog = 0;
		};
		80545506EE5279AA74B306B6 /* [CP] Embed Pods Frameworks */ = {
			isa = PBXShellScriptBuildPhase;
			buildActionMask = 2147483647;
			files = (
			);
			inputFileListPaths = (
				"${PODS_ROOT}/Target Support Files/Pods-BasicSwiftUI/Pods-BasicSwiftUI-frameworks-${CONFIGURATION}-input-files.xcfilelist",
			);
			name = "[CP] Embed Pods Frameworks";
			outputFileListPaths = (
				"${PODS_ROOT}/Target Support Files/Pods-BasicSwiftUI/Pods-BasicSwiftUI-frameworks-${CONFIGURATION}-output-files.xcfilelist",
			);
			runOnlyForDeploymentPostprocessing = 0;
			shellPath = /bin/sh;
			shellScript = "\"${PODS_ROOT}/Target Support Files/Pods-BasicSwiftUI/Pods-BasicSwiftUI-frameworks.sh\"\n";
			showEnvVarsInLog = 0;
		};
/* End PBXShellScriptBuildPhase section */

/* Begin PBXSourcesBuildPhase section */
		2141A93E25B80744008F5DD9 /* Sources */ = {
			isa = PBXSourcesBuildPhase;
			buildActionMask = 2147483647;
			files = (
				2141A94625B80744008F5DD9 /* AppDelegate.swift in Sources */,
				2141A94825B80744008F5DD9 /* SceneDelegate.swift in Sources */,
				2141A94A25B80744008F5DD9 /* ContentView.swift in Sources */,
				2141A97925B84945008F5DD9 /* Data.swift in Sources */,
			);
			runOnlyForDeploymentPostprocessing = 0;
		};
		2141A95425B80748008F5DD9 /* Sources */ = {
			isa = PBXSourcesBuildPhase;
			buildActionMask = 2147483647;
			files = (
				2141A95D25B80748008F5DD9 /* BasicSwiftUITests.swift in Sources */,
			);
			runOnlyForDeploymentPostprocessing = 0;
		};
		2141A95F25B80748008F5DD9 /* Sources */ = {
			isa = PBXSourcesBuildPhase;
			buildActionMask = 2147483647;
			files = (
				2141A96825B80748008F5DD9 /* BasicSwiftUIUITests.swift in Sources */,
			);
			runOnlyForDeploymentPostprocessing = 0;
		};
/* End PBXSourcesBuildPhase section */

/* Begin PBXTargetDependency section */
		2141A95A25B80748008F5DD9 /* PBXTargetDependency */ = {
			isa = PBXTargetDependency;
			target = 2141A94125B80744008F5DD9 /* BasicSwiftUI */;
			targetProxy = 2141A95925B80748008F5DD9 /* PBXContainerItemProxy */;
		};
		2141A96525B80748008F5DD9 /* PBXTargetDependency */ = {
			isa = PBXTargetDependency;
			target = 2141A94125B80744008F5DD9 /* BasicSwiftUI */;
			targetProxy = 2141A96425B80748008F5DD9 /* PBXContainerItemProxy */;
		};
/* End PBXTargetDependency section */

/* Begin PBXVariantGroup section */
		2141A95025B80747008F5DD9 /* LaunchScreen.storyboard */ = {
			isa = PBXVariantGroup;
			children = (
				2141A95125B80747008F5DD9 /* Base */,
			);
			name = LaunchScreen.storyboard;
			sourceTree = "<group>";
		};
/* End PBXVariantGroup section */

/* Begin XCBuildConfiguration section */
		2141A96A25B80748008F5DD9 /* Debug */ = {
			isa = XCBuildConfiguration;
			buildSettings = {
				ALWAYS_SEARCH_USER_PATHS = NO;
				CLANG_ANALYZER_NONNULL = YES;
				CLANG_ANALYZER_NUMBER_OBJECT_CONVERSION = YES_AGGRESSIVE;
				CLANG_CXX_LANGUAGE_STANDARD = "gnu++14";
				CLANG_CXX_LIBRARY = "libc++";
				CLANG_ENABLE_MODULES = YES;
				CLANG_ENABLE_OBJC_ARC = YES;
				CLANG_ENABLE_OBJC_WEAK = YES;
				CLANG_WARN_BLOCK_CAPTURE_AUTORELEASING = YES;
				CLANG_WARN_BOOL_CONVERSION = YES;
				CLANG_WARN_COMMA = YES;
				CLANG_WARN_CONSTANT_CONVERSION = YES;
				CLANG_WARN_DEPRECATED_OBJC_IMPLEMENTATIONS = YES;
				CLANG_WARN_DIRECT_OBJC_ISA_USAGE = YES_ERROR;
				CLANG_WARN_DOCUMENTATION_COMMENTS = YES;
				CLANG_WARN_EMPTY_BODY = YES;
				CLANG_WARN_ENUM_CONVERSION = YES;
				CLANG_WARN_INFINITE_RECURSION = YES;
				CLANG_WARN_INT_CONVERSION = YES;
				CLANG_WARN_NON_LITERAL_NULL_CONVERSION = YES;
				CLANG_WARN_OBJC_IMPLICIT_RETAIN_SELF = YES;
				CLANG_WARN_OBJC_LITERAL_CONVERSION = YES;
				CLANG_WARN_OBJC_ROOT_CLASS = YES_ERROR;
				CLANG_WARN_QUOTED_INCLUDE_IN_FRAMEWORK_HEADER = YES;
				CLANG_WARN_RANGE_LOOP_ANALYSIS = YES;
				CLANG_WARN_STRICT_PROTOTYPES = YES;
				CLANG_WARN_SUSPICIOUS_MOVE = YES;
				CLANG_WARN_UNGUARDED_AVAILABILITY = YES_AGGRESSIVE;
				CLANG_WARN_UNREACHABLE_CODE = YES;
				CLANG_WARN__DUPLICATE_METHOD_MATCH = YES;
				COPY_PHASE_STRIP = NO;
				DEBUG_INFORMATION_FORMAT = dwarf;
				ENABLE_STRICT_OBJC_MSGSEND = YES;
				ENABLE_TESTABILITY = YES;
				GCC_C_LANGUAGE_STANDARD = gnu11;
				GCC_DYNAMIC_NO_PIC = NO;
				GCC_NO_COMMON_BLOCKS = YES;
				GCC_OPTIMIZATION_LEVEL = 0;
				GCC_PREPROCESSOR_DEFINITIONS = (
					"DEBUG=1",
					"$(inherited)",
				);
				GCC_WARN_64_TO_32_BIT_CONVERSION = YES;
				GCC_WARN_ABOUT_RETURN_TYPE = YES_ERROR;
				GCC_WARN_UNDECLARED_SELECTOR = YES;
				GCC_WARN_UNINITIALIZED_AUTOS = YES_AGGRESSIVE;
				GCC_WARN_UNUSED_FUNCTION = YES;
				GCC_WARN_UNUSED_VARIABLE = YES;
				IPHONEOS_DEPLOYMENT_TARGET = 14.3;
				MTL_ENABLE_DEBUG_INFO = INCLUDE_SOURCE;
				MTL_FAST_MATH = YES;
				ONLY_ACTIVE_ARCH = YES;
				SDKROOT = iphoneos;
				SWIFT_ACTIVE_COMPILATION_CONDITIONS = DEBUG;
				SWIFT_OPTIMIZATION_LEVEL = "-Onone";
			};
			name = Debug;
		};
		2141A96B25B80748008F5DD9 /* Release */ = {
			isa = XCBuildConfiguration;
			buildSettings = {
				ALWAYS_SEARCH_USER_PATHS = NO;
				CLANG_ANALYZER_NONNULL = YES;
				CLANG_ANALYZER_NUMBER_OBJECT_CONVERSION = YES_AGGRESSIVE;
				CLANG_CXX_LANGUAGE_STANDARD = "gnu++14";
				CLANG_CXX_LIBRARY = "libc++";
				CLANG_ENABLE_MODULES = YES;
				CLANG_ENABLE_OBJC_ARC = YES;
				CLANG_ENABLE_OBJC_WEAK = YES;
				CLANG_WARN_BLOCK_CAPTURE_AUTORELEASING = YES;
				CLANG_WARN_BOOL_CONVERSION = YES;
				CLANG_WARN_COMMA = YES;
				CLANG_WARN_CONSTANT_CONVERSION = YES;
				CLANG_WARN_DEPRECATED_OBJC_IMPLEMENTATIONS = YES;
				CLANG_WARN_DIRECT_OBJC_ISA_USAGE = YES_ERROR;
				CLANG_WARN_DOCUMENTATION_COMMENTS = YES;
				CLANG_WARN_EMPTY_BODY = YES;
				CLANG_WARN_ENUM_CONVERSION = YES;
				CLANG_WARN_INFINITE_RECURSION = YES;
				CLANG_WARN_INT_CONVERSION = YES;
				CLANG_WARN_NON_LITERAL_NULL_CONVERSION = YES;
				CLANG_WARN_OBJC_IMPLICIT_RETAIN_SELF = YES;
				CLANG_WARN_OBJC_LITERAL_CONVERSION = YES;
				CLANG_WARN_OBJC_ROOT_CLASS = YES_ERROR;
				CLANG_WARN_QUOTED_INCLUDE_IN_FRAMEWORK_HEADER = YES;
				CLANG_WARN_RANGE_LOOP_ANALYSIS = YES;
				CLANG_WARN_STRICT_PROTOTYPES = YES;
				CLANG_WARN_SUSPICIOUS_MOVE = YES;
				CLANG_WARN_UNGUARDED_AVAILABILITY = YES_AGGRESSIVE;
				CLANG_WARN_UNREACHABLE_CODE = YES;
				CLANG_WARN__DUPLICATE_METHOD_MATCH = YES;
				COPY_PHASE_STRIP = NO;
				DEBUG_INFORMATION_FORMAT = "dwarf-with-dsym";
				ENABLE_NS_ASSERTIONS = NO;
				ENABLE_STRICT_OBJC_MSGSEND = YES;
				GCC_C_LANGUAGE_STANDARD = gnu11;
				GCC_NO_COMMON_BLOCKS = YES;
				GCC_WARN_64_TO_32_BIT_CONVERSION = YES;
				GCC_WARN_ABOUT_RETURN_TYPE = YES_ERROR;
				GCC_WARN_UNDECLARED_SELECTOR = YES;
				GCC_WARN_UNINITIALIZED_AUTOS = YES_AGGRESSIVE;
				GCC_WARN_UNUSED_FUNCTION = YES;
				GCC_WARN_UNUSED_VARIABLE = YES;
				IPHONEOS_DEPLOYMENT_TARGET = 14.3;
				MTL_ENABLE_DEBUG_INFO = NO;
				MTL_FAST_MATH = YES;
				SDKROOT = iphoneos;
				SWIFT_COMPILATION_MODE = wholemodule;
				SWIFT_OPTIMIZATION_LEVEL = "-O";
				VALIDATE_PRODUCT = YES;
			};
			name = Release;
		};
		2141A96D25B80748008F5DD9 /* Debug */ = {
			isa = XCBuildConfiguration;
			baseConfigurationReference = 4C18FC5D518CEC928925DC0B /* Pods-BasicSwiftUI.debug.xcconfig */;
			buildSettings = {
				ASSETCATALOG_COMPILER_APPICON_NAME = AppIcon;
				ASSETCATALOG_COMPILER_GLOBAL_ACCENT_COLOR_NAME = AccentColor;
				CODE_SIGN_STYLE = Automatic;
				DEVELOPMENT_ASSET_PATHS = "\"BasicSwiftUI/Preview Content\"";
				DEVELOPMENT_TEAM = GL92UNQ3FG;
				ENABLE_PREVIEWS = YES;
				INFOPLIST_FILE = BasicSwiftUI/Info.plist;
				LD_RUNPATH_SEARCH_PATHS = (
					"$(inherited)",
					"@executable_path/Frameworks",
				);
				PRODUCT_BUNDLE_IDENTIFIER = "JANTEL-CORP.BasicSwiftUI";
				PRODUCT_NAME = "$(TARGET_NAME)";
				SWIFT_VERSION = 5.0;
				TARGETED_DEVICE_FAMILY = "1,2";
			};
			name = Debug;
		};
		2141A96E25B80748008F5DD9 /* Release */ = {
			isa = XCBuildConfiguration;
			baseConfigurationReference = D1A16EE9AB0EDE8992BB9BEB /* Pods-BasicSwiftUI.release.xcconfig */;
			buildSettings = {
				ASSETCATALOG_COMPILER_APPICON_NAME = AppIcon;
				ASSETCATALOG_COMPILER_GLOBAL_ACCENT_COLOR_NAME = AccentColor;
				CODE_SIGN_STYLE = Automatic;
				DEVELOPMENT_ASSET_PATHS = "\"BasicSwiftUI/Preview Content\"";
				DEVELOPMENT_TEAM = GL92UNQ3FG;
				ENABLE_PREVIEWS = YES;
				INFOPLIST_FILE = BasicSwiftUI/Info.plist;
				LD_RUNPATH_SEARCH_PATHS = (
					"$(inherited)",
					"@executable_path/Frameworks",
				);
				PRODUCT_BUNDLE_IDENTIFIER = "JANTEL-CORP.BasicSwiftUI";
				PRODUCT_NAME = "$(TARGET_NAME)";
				SWIFT_VERSION = 5.0;
				TARGETED_DEVICE_FAMILY = "1,2";
			};
			name = Release;
		};
		2141A97025B80748008F5DD9 /* Debug */ = {
			isa = XCBuildConfiguration;
			baseConfigurationReference = C44C189ADAE489F0152F76B5 /* Pods-BasicSwiftUITests.debug.xcconfig */;
			buildSettings = {
				ALWAYS_EMBED_SWIFT_STANDARD_LIBRARIES = YES;
				BUNDLE_LOADER = "$(TEST_HOST)";
				CODE_SIGN_STYLE = Automatic;
				DEVELOPMENT_TEAM = GL92UNQ3FG;
				INFOPLIST_FILE = BasicSwiftUITests/Info.plist;
				IPHONEOS_DEPLOYMENT_TARGET = 14.3;
				LD_RUNPATH_SEARCH_PATHS = (
					"$(inherited)",
					"@executable_path/Frameworks",
					"@loader_path/Frameworks",
				);
				PRODUCT_BUNDLE_IDENTIFIER = "JANTEL-CORP.BasicSwiftUITests";
				PRODUCT_NAME = "$(TARGET_NAME)";
				SWIFT_VERSION = 5.0;
				TARGETED_DEVICE_FAMILY = "1,2";
				TEST_HOST = "$(BUILT_PRODUCTS_DIR)/BasicSwiftUI.app/BasicSwiftUI";
			};
			name = Debug;
		};
		2141A97125B80748008F5DD9 /* Release */ = {
			isa = XCBuildConfiguration;
			baseConfigurationReference = FBDCE158FB3F2569E8AE4A84 /* Pods-BasicSwiftUITests.release.xcconfig */;
			buildSettings = {
				ALWAYS_EMBED_SWIFT_STANDARD_LIBRARIES = YES;
				BUNDLE_LOADER = "$(TEST_HOST)";
				CODE_SIGN_STYLE = Automatic;
				DEVELOPMENT_TEAM = GL92UNQ3FG;
				INFOPLIST_FILE = BasicSwiftUITests/Info.plist;
				IPHONEOS_DEPLOYMENT_TARGET = 14.3;
				LD_RUNPATH_SEARCH_PATHS = (
					"$(inherited)",
					"@executable_path/Frameworks",
					"@loader_path/Frameworks",
				);
				PRODUCT_BUNDLE_IDENTIFIER = "JANTEL-CORP.BasicSwiftUITests";
				PRODUCT_NAME = "$(TARGET_NAME)";
				SWIFT_VERSION = 5.0;
				TARGETED_DEVICE_FAMILY = "1,2";
				TEST_HOST = "$(BUILT_PRODUCTS_DIR)/BasicSwiftUI.app/BasicSwiftUI";
			};
			name = Release;
		};
		2141A97325B80748008F5DD9 /* Debug */ = {
			isa = XCBuildConfiguration;
			baseConfigurationReference = E7BCD6E2381C8ADCFD8993EA /* Pods-BasicSwiftUI-BasicSwiftUIUITests.debug.xcconfig */;
			buildSettings = {
				ALWAYS_EMBED_SWIFT_STANDARD_LIBRARIES = YES;
				CODE_SIGN_STYLE = Automatic;
				DEVELOPMENT_TEAM = GL92UNQ3FG;
				INFOPLIST_FILE = BasicSwiftUIUITests/Info.plist;
				LD_RUNPATH_SEARCH_PATHS = (
					"$(inherited)",
					"@executable_path/Frameworks",
					"@loader_path/Frameworks",
				);
				PRODUCT_BUNDLE_IDENTIFIER = "JANTEL-CORP.BasicSwiftUIUITests";
				PRODUCT_NAME = "$(TARGET_NAME)";
				SWIFT_VERSION = 5.0;
				TARGETED_DEVICE_FAMILY = "1,2";
				TEST_TARGET_NAME = BasicSwiftUI;
			};
			name = Debug;
		};
		2141A97425B80748008F5DD9 /* Release */ = {
			isa = XCBuildConfiguration;
			baseConfigurationReference = C0FCCB2FFA3CA0322D724DF2 /* Pods-BasicSwiftUI-BasicSwiftUIUITests.release.xcconfig */;
			buildSettings = {
				ALWAYS_EMBED_SWIFT_STANDARD_LIBRARIES = YES;
				CODE_SIGN_STYLE = Automatic;
				DEVELOPMENT_TEAM = GL92UNQ3FG;
				INFOPLIST_FILE = BasicSwiftUIUITests/Info.plist;
				LD_RUNPATH_SEARCH_PATHS = (
					"$(inherited)",
					"@executable_path/Frameworks",
					"@loader_path/Frameworks",
				);
				PRODUCT_BUNDLE_IDENTIFIER = "JANTEL-CORP.BasicSwiftUIUITests";
				PRODUCT_NAME = "$(TARGET_NAME)";
				SWIFT_VERSION = 5.0;
				TARGETED_DEVICE_FAMILY = "1,2";
				TEST_TARGET_NAME = BasicSwiftUI;
			};
			name = Release;
		};
/* End XCBuildConfiguration section */

/* Begin XCConfigurationList section */
		2141A93D25B80744008F5DD9 /* Build configuration list for PBXProject "BasicSwiftUI" */ = {
			isa = XCConfigurationList;
			buildConfigurations = (
				2141A96A25B80748008F5DD9 /* Debug */,
				2141A96B25B80748008F5DD9 /* Release */,
			);
			defaultConfigurationIsVisible = 0;
			defaultConfigurationName = Release;
		};
		2141A96C25B80748008F5DD9 /* Build configuration list for PBXNativeTarget "BasicSwiftUI" */ = {
			isa = XCConfigurationList;
			buildConfigurations = (
				2141A96D25B80748008F5DD9 /* Debug */,
				2141A96E25B80748008F5DD9 /* Release */,
			);
			defaultConfigurationIsVisible = 0;
			defaultConfigurationName = Release;
		};
		2141A96F25B80748008F5DD9 /* Build configuration list for PBXNativeTarget "BasicSwiftUITests" */ = {
			isa = XCConfigurationList;
			buildConfigurations = (
				2141A97025B80748008F5DD9 /* Debug */,
				2141A97125B80748008F5DD9 /* Release */,
			);
			defaultConfigurationIsVisible = 0;
			defaultConfigurationName = Release;
		};
		2141A97225B80748008F5DD9 /* Build configuration list for PBXNativeTarget "BasicSwiftUIUITests" */ = {
			isa = XCConfigurationList;
			buildConfigurations = (
				2141A97325B80748008F5DD9 /* Debug */,
				2141A97425B80748008F5DD9 /* Release */,
			);
			defaultConfigurationIsVisible = 0;
			defaultConfigurationName = Release;
		};
/* End XCConfigurationList section */
	};
	rootObject = 2141A93A25B80744008F5DD9 /* Project object */;
}
